{
  "originHash" : "679ea627c56a8d9267f953fdad82f8d2ee4ce69323848a61a25a69c10fe4ede0",
  "pins" : [
    {
      "identity" : "owlmetry-swift",
      "kind" : "remoteSourceControl",
      "location" : "https://github.com/owlmetry/owlmetry-swift.git",
      "state" : {
        "branch" : "main",
        "revision" : "3cb0457bf04e09ef983b4f133ea0795beae3685a"
      }
    }
  ],
  "version" : 3
}
