{
  "originHash" : "679ea627c56a8d9267f953fdad82f8d2ee4ce69323848a61a25a69c10fe4ede0",
  "pins" : [
    {
      "identity" : "owlmetry-swift",
      "kind" : "remoteSourceControl",
      "location" : "https://github.com/owlmetry/owlmetry-swift.git",
      "state" : {
        "branch" : "main",
        "revision" : "d75f488adaf43c68df62fa53c15452f6c18e025f"
      }
    }
  ],
  "version" : 3
}
